
Microsoft Visual Studio Solution File, Format Version 12.00
# Visual Studio Version 16
VisualStudioVersion = 16.0.29411.108
MinimumVisualStudioVersion = 10.0.40219.1
Project("{8BC9CEB8-8B4A-11D0-8D11-00A0C91BC942}") = "SnekGame2", "SnekGame2\SnekGame2.vcxproj", "{23E638F9-E9D4-43DB-BF10-FE218D956CCC}"
EndProject
Project("{8BC9CEB8-8B4A-11D0-8D11-00A0C91BC942}") = "SnekServer2", "SnekServer2\SnekServer2.vcxproj", "{7D33F057-028A-4273-B02D-2A97DCAD4FBE}"
EndProject
Global
	GlobalSection(SolutionConfigurationPlatforms) = preSolution
		Debug|x64 = Debug|x64
		Debug|x86 = Debug|x86
		Release|x64 = Release|x64
		Release|x86 = Release|x86
	EndGlobalSection
	GlobalSection(ProjectConfigurationPlatforms) = postSolution
		{23E638F9-E9D4-43DB-BF10-FE218D956CCC}.Debug|x64.ActiveCfg = Debug|x64
		{23E638F9-E9D4-43DB-BF10-FE218D956CCC}.Debug|x64.Build.0 = Debug|x64
		{23E638F9-E9D4-43DB-BF10-FE218D956CCC}.Debug|x86.ActiveCfg = Debug|Win32
		{23E638F9-E9D4-43DB-BF10-FE218D956CCC}.Debug|x86.Build.0 = Debug|Win32
		{23E638F9-E9D4-43DB-BF10-FE218D956CCC}.Release|x64.ActiveCfg = Release|x64
		{23E638F9-E9D4-43DB-BF10-FE218D956CCC}.Release|x64.Build.0 = Release|x64
		{23E638F9-E9D4-43DB-BF10-FE218D956CCC}.Release|x86.ActiveCfg = Release|Win32
		{23E638F9-E9D4-43DB-BF10-FE218D956CCC}.Release|x86.Build.0 = Release|Win32
		{7D33F057-028A-4273-B02D-2A97DCAD4FBE}.Debug|x64.ActiveCfg = Debug|x64
		{7D33F057-028A-4273-B02D-2A97DCAD4FBE}.Debug|x64.Build.0 = Debug|x64
		{7D33F057-028A-4273-B02D-2A97DCAD4FBE}.Debug|x86.ActiveCfg = Debug|Win32
		{7D33F057-028A-4273-B02D-2A97DCAD4FBE}.Debug|x86.Build.0 = Debug|Win32
		{7D33F057-028A-4273-B02D-2A97DCAD4FBE}.Release|x64.ActiveCfg = Release|x64
		{7D33F057-028A-4273-B02D-2A97DCAD4FBE}.Release|x64.Build.0 = Release|x64
		{7D33F057-028A-4273-B02D-2A97DCAD4FBE}.Release|x86.ActiveCfg = Release|Win32
		{7D33F057-028A-4273-B02D-2A97DCAD4FBE}.Release|x86.Build.0 = Release|Win32
	EndGlobalSection
	GlobalSection(SolutionProperties) = preSolution
		HideSolutionNode = FALSE
	EndGlobalSection
	GlobalSection(ExtensibilityGlobals) = postSolution
		SolutionGuid = {29B19176-3508-403B-9898-D862BB9E2B4A}
	EndGlobalSection
EndGlobal
